// !$*UTF8*$!
{
	archiveVersion = 1;
	classes = {
	};
	objectVersion = 46;
	objects = {

/* Begin PBXBuildFile section */
		A52F58681BF3C77500097BC3 /* CameraCalibUtil.mm in Sources */ = {isa = PBXBuildFile; fileRef = A52F58671BF3C77500097BC3 /* CameraCalibUtil.mm */; };
		A5AE6FE31BF3408600EA4D66 /* Main.storyboard in Resources */ = {isa = PBXBuildFile; fileRef = A5AE6FE11BF3408600EA4D66 /* Main.storyboard */; };
		A5AE6FE51BF3408600EA4D66 /* Assets.xcassets in Resources */ = {isa = PBXBuildFile; fileRef = A5AE6FE41BF3408600EA4D66 /* Assets.xcassets */; };
		A5AE6FE81BF3408600EA4D66 /* LaunchScreen.storyboard in Resources */ = {isa = PBXBuildFile; fileRef = A5AE6FE61BF3408600EA4D66 /* LaunchScreen.storyboard */; };
		A5AE6FF31BF3408600EA4D66 /* cameracalibTests.m in Sources */ = {isa = PBXBuildFile; fileRef = A5AE6FF21BF3408600EA4D66 /* cameracalibTests.m */; };
		A5AE6FFE1BF3408600EA4D66 /* cameracalibUITests.m in Sources */ = {isa = PBXBuildFile; fileRef = A5AE6FFD1BF3408600EA4D66 /* cameracalibUITests.m */; };
		A5AE700D1BF3416E00EA4D66 /* AppDelegate.mm in Sources */ = {isa = PBXBuildFile; fileRef = A5AE700B1BF3416E00EA4D66 /* AppDelegate.mm */; };
		A5AE700E1BF3416E00EA4D66 /* ViewController.mm in Sources */ = {isa = PBXBuildFile; fileRef = A5AE700C1BF3416E00EA4D66 /* ViewController.mm */; };
		A5AE70101BF3417F00EA4D66 /* main.mm in Sources */ = {isa = PBXBuildFile; fileRef = A5AE700F1BF3417F00EA4D66 /* main.mm */; };
		A5AE701A1BF3419200EA4D66 /* AVFoundationUtil.mm in Sources */ = {isa = PBXBuildFile; fileRef = A5AE70161BF3419200EA4D66 /* AVFoundationUtil.mm */; };
		A5AE701B1BF3419200EA4D66 /* MonochromeFilter.mm in Sources */ = {isa = PBXBuildFile; fileRef = A5AE70171BF3419200EA4D66 /* MonochromeFilter.mm */; };
		A5AE701C1BF3419200EA4D66 /* OpenCVUtil.mm in Sources */ = {isa = PBXBuildFile; fileRef = A5AE70181BF3419200EA4D66 /* OpenCVUtil.mm */; };
		A5AE701E1BF3430900EA4D66 /* AudioToolbox.framework in Frameworks */ = {isa = PBXBuildFile; fileRef = A5AE701D1BF3430900EA4D66 /* AudioToolbox.framework */; };
		A5AE70201BF3431100EA4D66 /* Foundation.framework in Frameworks */ = {isa = PBXBuildFile; fileRef = A5AE701F1BF3431100EA4D66 /* Foundation.framework */; };
		A5AE70221BF3431E00EA4D66 /* UIKit.framework in Frameworks */ = {isa = PBXBuildFile; fileRef = A5AE70211BF3431E00EA4D66 /* UIKit.framework */; };
		A5AE70241BF3432D00EA4D66 /* QuartzCore.framework in Frameworks */ = {isa = PBXBuildFile; fileRef = A5AE70231BF3432D00EA4D66 /* QuartzCore.framework */; };
		A5AE70261BF3433800EA4D66 /* CoreGraphics.framework in Frameworks */ = {isa = PBXBuildFile; fileRef = A5AE70251BF3433800EA4D66 /* CoreGraphics.framework */; };
		A5AE70281BF3434000EA4D66 /* CoreAudio.framework in Frameworks */ = {isa = PBXBuildFile; fileRef = A5AE70271BF3434000EA4D66 /* CoreAudio.framework */; };
		A5AE702A1BF3434B00EA4D66 /* CoreMedia.framework in Frameworks */ = {isa = PBXBuildFile; fileRef = A5AE70291BF3434B00EA4D66 /* CoreMedia.framework */; };
		A5AE702C1BF3435300EA4D66 /* CoreImage.framework in Frameworks */ = {isa = PBXBuildFile; fileRef = A5AE702B1BF3435300EA4D66 /* CoreImage.framework */; };
		A5AE702E1BF3435B00EA4D66 /* AssetsLibrary.framework in Frameworks */ = {isa = PBXBuildFile; fileRef = A5AE702D1BF3435B00EA4D66 /* AssetsLibrary.framework */; };
		A5AE70301BF3436600EA4D66 /* Accelerate.framework in Frameworks */ = {isa = PBXBuildFile; fileRef = A5AE702F1BF3436600EA4D66 /* Accelerate.framework */; };
		A5AE70321BF3436D00EA4D66 /* AVFoundation.framework in Frameworks */ = {isa = PBXBuildFile; fileRef = A5AE70311BF3436D00EA4D66 /* AVFoundation.framework */; };
		A5AE70351BF343D100EA4D66 /* opencv2.framework in Frameworks */ = {isa = PBXBuildFile; fileRef = A5AE70341BF343D100EA4D66 /* opencv2.framework */; };
		A5AE70381BF344F000EA4D66 /* cameracalib.xcdatamodeld in Sources */ = {isa = PBXBuildFile; fileRef = A5AE70361BF344F000EA4D66 /* cameracalib.xcdatamodeld */; };
		A5AE703A1BF3468300EA4D66 /* CoreVideo.framework in Frameworks */ = {isa = PBXBuildFile; fileRef = A5AE70391BF3468300EA4D66 /* CoreVideo.framework */; };
/* End PBXBuildFile section */

/* Begin PBXContainerItemProxy section */
		A5AE6FEF1BF3408600EA4D66 /* PBXContainerItemProxy */ = {
			isa = PBXContainerItemProxy;
			containerPortal = A5AE6FCD1BF3408600EA4D66 /* Project object */;
			proxyType = 1;
			remoteGlobalIDString = A5AE6FD41BF3408600EA4D66;
			remoteInfo = cameracalib;
		};
		A5AE6FFA1BF3408600EA4D66 /* PBXContainerItemProxy */ = {
			isa = PBXContainerItemProxy;
			containerPortal = A5AE6FCD1BF3408600EA4D66 /* Project object */;
			proxyType = 1;
			remoteGlobalIDString = A5AE6FD41BF3408600EA4D66;
			remoteInfo = cameracalib;
		};
/* End PBXContainerItemProxy section */

/* Begin PBXFileReference section */
		A52F58661BF3C73300097BC3 /* CameraCalibUtil.h */ = {isa = PBXFileReference; lastKnownFileType = sourcecode.c.h; path = CameraCalibUtil.h; sourceTree = "<group>"; };
		A52F58671BF3C77500097BC3 /* CameraCalibUtil.mm */ = {isa = PBXFileReference; fileEncoding = 4; lastKnownFileType = sourcecode.cpp.objcpp; path = CameraCalibUtil.mm; sourceTree = "<group>"; };
		A5AE6FD51BF3408600EA4D66 /* cameracalib.app */ = {isa = PBXFileReference; explicitFileType = wrapper.application; includeInIndex = 0; path = cameracalib.app; sourceTree = BUILT_PRODUCTS_DIR; };
		A5AE6FDB1BF3408600EA4D66 /* AppDelegate.h */ = {isa = PBXFileReference; lastKnownFileType = sourcecode.c.h; path = AppDelegate.h; sourceTree = "<group>"; };
		A5AE6FDE1BF3408600EA4D66 /* ViewController.h */ = {isa = PBXFileReference; lastKnownFileType = sourcecode.c.h; path = ViewController.h; sourceTree = "<group>"; };
		A5AE6FE21BF3408600EA4D66 /* Base */ = {isa = PBXFileReference; lastKnownFileType = file.storyboard; name = Base; path = Base.lproj/Main.storyboard; sourceTree = "<group>"; };
		A5AE6FE41BF3408600EA4D66 /* Assets.xcassets */ = {isa = PBXFileReference; lastKnownFileType = folder.assetcatalog; path = Assets.xcassets; sourceTree = "<group>"; };
		A5AE6FE71BF3408600EA4D66 /* Base */ = {isa = PBXFileReference; lastKnownFileType = file.storyboard; name = Base; path = Base.lproj/LaunchScreen.storyboard; sourceTree = "<group>"; };
		A5AE6FE91BF3408600EA4D66 /* Info.plist */ = {isa = PBXFileReference; lastKnownFileType = text.plist.xml; path = Info.plist; sourceTree = "<group>"; };
		A5AE6FEE1BF3408600EA4D66 /* cameracalibTests.xctest */ = {isa = PBXFileReference; explicitFileType = wrapper.cfbundle; includeInIndex = 0; path = cameracalibTests.xctest; sourceTree = BUILT_PRODUCTS_DIR; };
		A5AE6FF21BF3408600EA4D66 /* cameracalibTests.m */ = {isa = PBXFileReference; lastKnownFileType = sourcecode.c.objc; path = cameracalibTests.m; sourceTree = "<group>"; };
		A5AE6FF41BF3408600EA4D66 /* Info.plist */ = {isa = PBXFileReference; lastKnownFileType = text.plist.xml; path = Info.plist; sourceTree = "<group>"; };
		A5AE6FF91BF3408600EA4D66 /* cameracalibUITests.xctest */ = {isa = PBXFileReference; explicitFileType = wrapper.cfbundle; includeInIndex = 0; path = cameracalibUITests.xctest; sourceTree = BUILT_PRODUCTS_DIR; };
		A5AE6FFD1BF3408600EA4D66 /* cameracalibUITests.m */ = {isa = PBXFileReference; lastKnownFileType = sourcecode.c.objc; path = cameracalibUITests.m; sourceTree = "<group>"; };
		A5AE6FFF1BF3408600EA4D66 /* Info.plist */ = {isa = PBXFileReference; lastKnownFileType = text.plist.xml; path = Info.plist; sourceTree = "<group>"; };
		A5AE700B1BF3416E00EA4D66 /* AppDelegate.mm */ = {isa = PBXFileReference; fileEncoding = 4; lastKnownFileType = sourcecode.cpp.objcpp; path = AppDelegate.mm; sourceTree = "<group>"; };
		A5AE700C1BF3416E00EA4D66 /* ViewController.mm */ = {isa = PBXFileReference; fileEncoding = 4; lastKnownFileType = sourcecode.cpp.objcpp; path = ViewController.mm; sourceTree = "<group>"; };
		A5AE700F1BF3417F00EA4D66 /* main.mm */ = {isa = PBXFileReference; fileEncoding = 4; lastKnownFileType = sourcecode.cpp.objcpp; path = main.mm; sourceTree = "<group>"; };
		A5AE70121BF3419200EA4D66 /* cameracalib-Prefix.pch */ = {isa = PBXFileReference; fileEncoding = 4; lastKnownFileType = sourcecode.c.h; path = "cameracalib-Prefix.pch"; sourceTree = "<group>"; };
		A5AE70131BF3419200EA4D66 /* MonochromeFilter.h */ = {isa = PBXFileReference; fileEncoding = 4; lastKnownFileType = sourcecode.c.h; path = MonochromeFilter.h; sourceTree = "<group>"; };
		A5AE70141BF3419200EA4D66 /* OpenCVUtil.h */ = {isa = PBXFileReference; fileEncoding = 4; lastKnownFileType = sourcecode.c.h; path = OpenCVUtil.h; sourceTree = "<group>"; };
		A5AE70151BF3419200EA4D66 /* AVFoundationUtil.h */ = {isa = PBXFileReference; fileEncoding = 4; lastKnownFileType = sourcecode.c.h; path = AVFoundationUtil.h; sourceTree = "<group>"; };
		A5AE70161BF3419200EA4D66 /* AVFoundationUtil.mm */ = {isa = PBXFileReference; fileEncoding = 4; lastKnownFileType = sourcecode.cpp.objcpp; path = AVFoundationUtil.mm; sourceTree = "<group>"; };
		A5AE70171BF3419200EA4D66 /* MonochromeFilter.mm */ = {isa = PBXFileReference; fileEncoding = 4; lastKnownFileType = sourcecode.cpp.objcpp; path = MonochromeFilter.mm; sourceTree = "<group>"; };
		A5AE70181BF3419200EA4D66 /* OpenCVUtil.mm */ = {isa = PBXFileReference; fileEncoding = 4; lastKnownFileType = sourcecode.cpp.objcpp; path = OpenCVUtil.mm; sourceTree = "<group>"; };
		A5AE701D1BF3430900EA4D66 /* AudioToolbox.framework */ = {isa = PBXFileReference; lastKnownFileType = wrapper.framework; name = AudioToolbox.framework; path = System/Library/Frameworks/AudioToolbox.framework; sourceTree = SDKROOT; };
		A5AE701F1BF3431100EA4D66 /* Foundation.framework */ = {isa = PBXFileReference; lastKnownFileType = wrapper.framework; name = Foundation.framework; path = System/Library/Frameworks/Foundation.framework; sourceTree = SDKROOT; };
		A5AE70211BF3431E00EA4D66 /* UIKit.framework */ = {isa = PBXFileReference; lastKnownFileType = wrapper.framework; name = UIKit.framework; path = System/Library/Frameworks/UIKit.framework; sourceTree = SDKROOT; };
		A5AE70231BF3432D00EA4D66 /* QuartzCore.framework */ = {isa = PBXFileReference; lastKnownFileType = wrapper.framework; name = QuartzCore.framework; path = System/Library/Frameworks/QuartzCore.framework; sourceTree = SDKROOT; };
		A5AE70251BF3433800EA4D66 /* CoreGraphics.framework */ = {isa = PBXFileReference; lastKnownFileType = wrapper.framework; name = CoreGraphics.framework; path = System/Library/Frameworks/CoreGraphics.framework; sourceTree = SDKROOT; };
		A5AE70271BF3434000EA4D66 /* CoreAudio.framework */ = {isa = PBXFileReference; lastKnownFileType = wrapper.framework; name = CoreAudio.framework; path = System/Library/Frameworks/CoreAudio.framework; sourceTree = SDKROOT; };
		A5AE70291BF3434B00EA4D66 /* CoreMedia.framework */ = {isa = PBXFileReference; lastKnownFileType = wrapper.framework; name = CoreMedia.framework; path = System/Library/Frameworks/CoreMedia.framework; sourceTree = SDKROOT; };
		A5AE702B1BF3435300EA4D66 /* CoreImage.framework */ = {isa = PBXFileReference; lastKnownFileType = wrapper.framework; name = CoreImage.framework; path = System/Library/Frameworks/CoreImage.framework; sourceTree = SDKROOT; };
		A5AE702D1BF3435B00EA4D66 /* AssetsLibrary.framework */ = {isa = PBXFileReference; lastKnownFileType = wrapper.framework; name = AssetsLibrary.framework; path = System/Library/Frameworks/AssetsLibrary.framework; sourceTree = SDKROOT; };
		A5AE702F1BF3436600EA4D66 /* Accelerate.framework */ = {isa = PBXFileReference; lastKnownFileType = wrapper.framework; name = Accelerate.framework; path = System/Library/Frameworks/Accelerate.framework; sourceTree = SDKROOT; };
		A5AE70311BF3436D00EA4D66 /* AVFoundation.framework */ = {isa = PBXFileReference; lastKnownFileType = wrapper.framework; name = AVFoundation.framework; path = System/Library/Frameworks/AVFoundation.framework; sourceTree = SDKROOT; };
		A5AE70341BF343D100EA4D66 /* opencv2.framework */ = {isa = PBXFileReference; lastKnownFileType = wrapper.framework; name = opencv2.framework; path = cameracalib/opencv2.framework; sourceTree = "<group>"; };
		A5AE70371BF344F000EA4D66 /* testsingleview.xcdatamodel */ = {isa = PBXFileReference; lastKnownFileType = wrapper.xcdatamodel; path = testsingleview.xcdatamodel; sourceTree = "<group>"; };
		A5AE70391BF3468300EA4D66 /* CoreVideo.framework */ = {isa = PBXFileReference; lastKnownFileType = wrapper.framework; name = CoreVideo.framework; path = System/Library/Frameworks/CoreVideo.framework; sourceTree = SDKROOT; };
/* End PBXFileReference section */

/* Begin PBXFrameworksBuildPhase section */
		A5AE6FD21BF3408600EA4D66 /* Frameworks */ = {
			isa = PBXFrameworksBuildPhase;
			buildActionMask = 2147483647;
			files = (
				A5AE703A1BF3468300EA4D66 /* CoreVideo.framework in Frameworks */,
				A5AE70351BF343D100EA4D66 /* opencv2.framework in Frameworks */,
				A5AE70321BF3436D00EA4D66 /* AVFoundation.framework in Frameworks */,
				A5AE70301BF3436600EA4D66 /* Accelerate.framework in Frameworks */,
				A5AE702E1BF3435B00EA4D66 /* AssetsLibrary.framework in Frameworks */,
				A5AE702C1BF3435300EA4D66 /* CoreImage.framework in Frameworks */,
				A5AE702A1BF3434B00EA4D66 /* CoreMedia.framework in Frameworks */,
				A5AE70281BF3434000EA4D66 /* CoreAudio.framework in Frameworks */,
				A5AE70261BF3433800EA4D66 /* CoreGraphics.framework in Frameworks */,
				A5AE70241BF3432D00EA4D66 /* QuartzCore.framework in Frameworks */,
				A5AE70221BF3431E00EA4D66 /* UIKit.framework in Frameworks */,
				A5AE70201BF3431100EA4D66 /* Foundation.framework in Frameworks */,
				A5AE701E1BF3430900EA4D66 /* AudioToolbox.framework in Frameworks */,
			);
			runOnlyForDeploymentPostprocessing = 0;
		};
		A5AE6FEB1BF3408600EA4D66 /* Frameworks */ = {
			isa = PBXFrameworksBuildPhase;
			buildActionMask = 2147483647;
			files = (
			);
			runOnlyForDeploymentPostprocessing = 0;
		};
		A5AE6FF61BF3408600EA4D66 /* Frameworks */ = {
			isa = PBXFrameworksBuildPhase;
			buildActionMask = 2147483647;
			files = (
			);
			runOnlyForDeploymentPostprocessing = 0;
		};
/* End PBXFrameworksBuildPhase section */

/* Begin PBXGroup section */
		A5AE6FCC1BF3408600EA4D66 = {
			isa = PBXGroup;
			children = (
				A5AE70391BF3468300EA4D66 /* CoreVideo.framework */,
				A5AE70341BF343D100EA4D66 /* opencv2.framework */,
				A5AE70311BF3436D00EA4D66 /* AVFoundation.framework */,
				A5AE702F1BF3436600EA4D66 /* Accelerate.framework */,
				A5AE702D1BF3435B00EA4D66 /* AssetsLibrary.framework */,
				A5AE702B1BF3435300EA4D66 /* CoreImage.framework */,
				A5AE70291BF3434B00EA4D66 /* CoreMedia.framework */,
				A5AE70271BF3434000EA4D66 /* CoreAudio.framework */,
				A5AE70251BF3433800EA4D66 /* CoreGraphics.framework */,
				A5AE70231BF3432D00EA4D66 /* QuartzCore.framework */,
				A5AE70211BF3431E00EA4D66 /* UIKit.framework */,
				A5AE701F1BF3431100EA4D66 /* Foundation.framework */,
				A5AE701D1BF3430900EA4D66 /* AudioToolbox.framework */,
				A5AE6FD71BF3408600EA4D66 /* cameracalib */,
				A5AE6FF11BF3408600EA4D66 /* cameracalibTests */,
				A5AE6FFC1BF3408600EA4D66 /* cameracalibUITests */,
				A5AE6FD61BF3408600EA4D66 /* Products */,
			);
			sourceTree = "<group>";
		};
		A5AE6FD61BF3408600EA4D66 /* Products */ = {
			isa = PBXGroup;
			children = (
				A5AE6FD51BF3408600EA4D66 /* cameracalib.app */,
				A5AE6FEE1BF3408600EA4D66 /* cameracalibTests.xctest */,
				A5AE6FF91BF3408600EA4D66 /* cameracalibUITests.xctest */,
			);
			name = Products;
			sourceTree = "<group>";
		};
		A5AE6FD71BF3408600EA4D66 /* cameracalib */ = {
			isa = PBXGroup;
			children = (
				A5AE6FDB1BF3408600EA4D66 /* AppDelegate.h */,
				A5AE6FDE1BF3408600EA4D66 /* ViewController.h */,
				A5AE70121BF3419200EA4D66 /* cameracalib-Prefix.pch */,
				A5AE70131BF3419200EA4D66 /* MonochromeFilter.h */,
				A5AE70141BF3419200EA4D66 /* OpenCVUtil.h */,
				A52F58661BF3C73300097BC3 /* CameraCalibUtil.h */,
				A52F58671BF3C77500097BC3 /* CameraCalibUtil.mm */,
				A5AE70151BF3419200EA4D66 /* AVFoundationUtil.h */,
				A5AE70161BF3419200EA4D66 /* AVFoundationUtil.mm */,
				A5AE70361BF344F000EA4D66 /* cameracalib.xcdatamodeld */,
				A5AE70171BF3419200EA4D66 /* MonochromeFilter.mm */,
				A5AE70181BF3419200EA4D66 /* OpenCVUtil.mm */,
				A5AE6FE11BF3408600EA4D66 /* Main.storyboard */,
				A5AE6FE41BF3408600EA4D66 /* Assets.xcassets */,
				A5AE6FE61BF3408600EA4D66 /* LaunchScreen.storyboard */,
				A5AE700B1BF3416E00EA4D66 /* AppDelegate.mm */,
				A5AE700C1BF3416E00EA4D66 /* ViewController.mm */,
				A5AE6FE91BF3408600EA4D66 /* Info.plist */,
				A5AE6FD81BF3408600EA4D66 /* Supporting Files */,
			);
			path = cameracalib;
			sourceTree = "<group>";
		};
		A5AE6FD81BF3408600EA4D66 /* Supporting Files */ = {
			isa = PBXGroup;
			children = (
				A5AE700F1BF3417F00EA4D66 /* main.mm */,
			);
			name = "Supporting Files";
			sourceTree = "<group>";
		};
		A5AE6FF11BF3408600EA4D66 /* cameracalibTests */ = {
			isa = PBXGroup;
			children = (
				A5AE6FF21BF3408600EA4D66 /* cameracalibTests.m */,
				A5AE6FF41BF3408600EA4D66 /* Info.plist */,
			);
			path = cameracalibTests;
			sourceTree = "<group>";
		};
		A5AE6FFC1BF3408600EA4D66 /* cameracalibUITests */ = {
			isa = PBXGroup;
			children = (
				A5AE6FFD1BF3408600EA4D66 /* cameracalibUITests.m */,
				A5AE6FFF1BF3408600EA4D66 /* Info.plist */,
			);
			path = cameracalibUITests;
			sourceTree = "<group>";
		};
/* End PBXGroup section */

/* Begin PBXNativeTarget section */
		A5AE6FD41BF3408600EA4D66 /* cameracalib */ = {
			isa = PBXNativeTarget;
			buildConfigurationList = A5AE70021BF3408600EA4D66 /* Build configuration list for PBXNativeTarget "cameracalib" */;
			buildPhases = (
				A5AE6FD11BF3408600EA4D66 /* Sources */,
				A5AE6FD21BF3408600EA4D66 /* Frameworks */,
				A5AE6FD31BF3408600EA4D66 /* Resources */,
			);
			buildRules = (
			);
			dependencies = (
			);
			name = cameracalib;
			productName = cameracalib;
			productReference = A5AE6FD51BF3408600EA4D66 /* cameracalib.app */;
			productType = "com.apple.product-type.application";
		};
		A5AE6FED1BF3408600EA4D66 /* cameracalibTests */ = {
			isa = PBXNativeTarget;
			buildConfigurationList = A5AE70051BF3408600EA4D66 /* Build configuration list for PBXNativeTarget "cameracalibTests" */;
			buildPhases = (
				A5AE6FEA1BF3408600EA4D66 /* Sources */,
				A5AE6FEB1BF3408600EA4D66 /* Frameworks */,
				A5AE6FEC1BF3408600EA4D66 /* Resources */,
			);
			buildRules = (
			);
			dependencies = (
				A5AE6FF01BF3408600EA4D66 /* PBXTargetDependency */,
			);
			name = cameracalibTests;
			productName = cameracalibTests;
			productReference = A5AE6FEE1BF3408600EA4D66 /* cameracalibTests.xctest */;
			productType = "com.apple.product-type.bundle.unit-test";
		};
		A5AE6FF81BF3408600EA4D66 /* cameracalibUITests */ = {
			isa = PBXNativeTarget;
			buildConfigurationList = A5AE70081BF3408600EA4D66 /* Build configuration list for PBXNativeTarget "cameracalibUITests" */;
			buildPhases = (
				A5AE6FF51BF3408600EA4D66 /* Sources */,
				A5AE6FF61BF3408600EA4D66 /* Frameworks */,
				A5AE6FF71BF3408600EA4D66 /* Resources */,
			);
			buildRules = (
			);
			dependencies = (
				A5AE6FFB1BF3408600EA4D66 /* PBXTargetDependency */,
			);
			name = cameracalibUITests;
			productName = cameracalibUITests;
			productReference = A5AE6FF91BF3408600EA4D66 /* cameracalibUITests.xctest */;
			productType = "com.apple.product-type.bundle.ui-testing";
		};
/* End PBXNativeTarget section */

/* Begin PBXProject section */
		A5AE6FCD1BF3408600EA4D66 /* Project object */ = {
			isa = PBXProject;
			attributes = {
				LastUpgradeCheck = 0710;
				ORGANIZATIONNAME = "Ryota Nakai";
				TargetAttributes = {
					A5AE6FD41BF3408600EA4D66 = {
						CreatedOnToolsVersion = 7.1.1;
						DevelopmentTeam = G84H5TQ7KD;
					};
					A5AE6FED1BF3408600EA4D66 = {
						CreatedOnToolsVersion = 7.1.1;
						TestTargetID = A5AE6FD41BF3408600EA4D66;
					};
					A5AE6FF81BF3408600EA4D66 = {
						CreatedOnToolsVersion = 7.1.1;
						TestTargetID = A5AE6FD41BF3408600EA4D66;
					};
				};
			};
			buildConfigurationList = A5AE6FD01BF3408600EA4D66 /* Build configuration list for PBXProject "cameracalib" */;
			compatibilityVersion = "Xcode 3.2";
			developmentRegion = English;
			hasScannedForEncodings = 0;
			knownRegions = (
				en,
				Base,
			);
			mainGroup = A5AE6FCC1BF3408600EA4D66;
			productRefGroup = A5AE6FD61BF3408600EA4D66 /* Products */;
			projectDirPath = "";
			projectRoot = "";
			targets = (
				A5AE6FD41BF3408600EA4D66 /* cameracalib */,
				A5AE6FED1BF3408600EA4D66 /* cameracalibTests */,
				A5AE6FF81BF3408600EA4D66 /* cameracalibUITests */,
			);
		};
/* End PBXProject section */

/* Begin PBXResourcesBuildPhase section */
		A5AE6FD31BF3408600EA4D66 /* Resources */ = {
			isa = PBXResourcesBuildPhase;
			buildActionMask = 2147483647;
			files = (
				A5AE6FE81BF3408600EA4D66 /* LaunchScreen.storyboard in Resources */,
				A5AE6FE51BF3408600EA4D66 /* Assets.xcassets in Resources */,
				A5AE6FE31BF3408600EA4D66 /* Main.storyboard in Resources */,
			);
			runOnlyForDeploymentPostprocessing = 0;
		};
		A5AE6FEC1BF3408600EA4D66 /* Resources */ = {
			isa = PBXResourcesBuildPhase;
			buildActionMask = 2147483647;
			files = (
			);
			runOnlyForDeploymentPostprocessing = 0;
		};
		A5AE6FF71BF3408600EA4D66 /* Resources */ = {
			isa = PBXResourcesBuildPhase;
			buildActionMask = 2147483647;
			files = (
			);
			runOnlyForDeploymentPostprocessing = 0;
		};
/* End PBXResourcesBuildPhase section */

/* Begin PBXSourcesBuildPhase section */
		A5AE6FD11BF3408600EA4D66 /* Sources */ = {
			isa = PBXSourcesBuildPhase;
			buildActionMask = 2147483647;
			files = (
				A5AE70381BF344F000EA4D66 /* cameracalib.xcdatamodeld in Sources */,
				A5AE70101BF3417F00EA4D66 /* main.mm in Sources */,
				A5AE700D1BF3416E00EA4D66 /* AppDelegate.mm in Sources */,
				A5AE701C1BF3419200EA4D66 /* OpenCVUtil.mm in Sources */,
				A5AE700E1BF3416E00EA4D66 /* ViewController.mm in Sources */,
				A5AE701B1BF3419200EA4D66 /* MonochromeFilter.mm in Sources */,
				A52F58681BF3C77500097BC3 /* CameraCalibUtil.mm in Sources */,
				A5AE701A1BF3419200EA4D66 /* AVFoundationUtil.mm in Sources */,
			);
			runOnlyForDeploymentPostprocessing = 0;
		};
		A5AE6FEA1BF3408600EA4D66 /* Sources */ = {
			isa = PBXSourcesBuildPhase;
			buildActionMask = 2147483647;
			files = (
				A5AE6FF31BF3408600EA4D66 /* cameracalibTests.m in Sources */,
			);
			runOnlyForDeploymentPostprocessing = 0;
		};
		A5AE6FF51BF3408600EA4D66 /* Sources */ = {
			isa = PBXSourcesBuildPhase;
			buildActionMask = 2147483647;
			files = (
				A5AE6FFE1BF3408600EA4D66 /* cameracalibUITests.m in Sources */,
			);
			runOnlyForDeploymentPostprocessing = 0;
		};
/* End PBXSourcesBuildPhase section */

/* Begin PBXTargetDependency section */
		A5AE6FF01BF3408600EA4D66 /* PBXTargetDependency */ = {
			isa = PBXTargetDependency;
			target = A5AE6FD41BF3408600EA4D66 /* cameracalib */;
			targetProxy = A5AE6FEF1BF3408600EA4D66 /* PBXContainerItemProxy */;
		};
		A5AE6FFB1BF3408600EA4D66 /* PBXTargetDependency */ = {
			isa = PBXTargetDependency;
			target = A5AE6FD41BF3408600EA4D66 /* cameracalib */;
			targetProxy = A5AE6FFA1BF3408600EA4D66 /* PBXContainerItemProxy */;
		};
/* End PBXTargetDependency section */

/* Begin PBXVariantGroup section */
		A5AE6FE11BF3408600EA4D66 /* Main.storyboard */ = {
			isa = PBXVariantGroup;
			children = (
				A5AE6FE21BF3408600EA4D66 /* Base */,
			);
			name = Main.storyboard;
			sourceTree = "<group>";
		};
		A5AE6FE61BF3408600EA4D66 /* LaunchScreen.storyboard */ = {
			isa = PBXVariantGroup;
			children = (
				A5AE6FE71BF3408600EA4D66 /* Base */,
			);
			name = LaunchScreen.storyboard;
			sourceTree = "<group>";
		};
/* End PBXVariantGroup section */

/* Begin XCBuildConfiguration section */
		A5AE70001BF3408600EA4D66 /* Debug */ = {
			isa = XCBuildConfiguration;
			buildSettings = {
				ALWAYS_SEARCH_USER_PATHS = NO;
				CLANG_CXX_LANGUAGE_STANDARD = "gnu++0x";
				CLANG_CXX_LIBRARY = "libc++";
				CLANG_ENABLE_MODULES = YES;
				CLANG_ENABLE_OBJC_ARC = YES;
				CLANG_WARN_BOOL_CONVERSION = YES;
				CLANG_WARN_CONSTANT_CONVERSION = YES;
				CLANG_WARN_DIRECT_OBJC_ISA_USAGE = YES_ERROR;
				CLANG_WARN_EMPTY_BODY = YES;
				CLANG_WARN_ENUM_CONVERSION = YES;
				CLANG_WARN_INT_CONVERSION = YES;
				CLANG_WARN_OBJC_ROOT_CLASS = YES_ERROR;
				CLANG_WARN_UNREACHABLE_CODE = YES;
				CLANG_WARN__DUPLICATE_METHOD_MATCH = YES;
				"CODE_SIGN_IDENTITY[sdk=iphoneos*]" = "iPhone Developer";
				COPY_PHASE_STRIP = NO;
				DEBUG_INFORMATION_FORMAT = dwarf;
				ENABLE_STRICT_OBJC_MSGSEND = YES;
				ENABLE_TESTABILITY = YES;
				GCC_C_LANGUAGE_STANDARD = gnu99;
				GCC_DYNAMIC_NO_PIC = NO;
				GCC_NO_COMMON_BLOCKS = YES;
				GCC_OPTIMIZATION_LEVEL = 0;
				GCC_PREPROCESSOR_DEFINITIONS = (
					"DEBUG=1",
					"$(inherited)",
				);
				GCC_WARN_64_TO_32_BIT_CONVERSION = YES;
				GCC_WARN_ABOUT_RETURN_TYPE = YES_ERROR;
				GCC_WARN_UNDECLARED_SELECTOR = YES;
				GCC_WARN_UNINITIALIZED_AUTOS = YES_AGGRESSIVE;
				GCC_WARN_UNUSED_FUNCTION = YES;
				GCC_WARN_UNUSED_VARIABLE = YES;
				IPHONEOS_DEPLOYMENT_TARGET = 9.1;
				MTL_ENABLE_DEBUG_INFO = YES;
				ONLY_ACTIVE_ARCH = YES;
				SDKROOT = iphoneos;
				TARGETED_DEVICE_FAMILY = "1,2";
			};
			name = Debug;
		};
		A5AE70011BF3408600EA4D66 /* Release */ = {
			isa = XCBuildConfiguration;
			buildSettings = {
				ALWAYS_SEARCH_USER_PATHS = NO;
				CLANG_CXX_LANGUAGE_STANDARD = "gnu++0x";
				CLANG_CXX_LIBRARY = "libc++";
				CLANG_ENABLE_MODULES = YES;
				CLANG_ENABLE_OBJC_ARC = YES;
				CLANG_WARN_BOOL_CONVERSION = YES;
				CLANG_WARN_CONSTANT_CONVERSION = YES;
				CLANG_WARN_DIRECT_OBJC_ISA_USAGE = YES_ERROR;
				CLANG_WARN_EMPTY_BODY = YES;
				CLANG_WARN_ENUM_CONVERSION = YES;
				CLANG_WARN_INT_CONVERSION = YES;
				CLANG_WARN_OBJC_ROOT_CLASS = YES_ERROR;
				CLANG_WARN_UNREACHABLE_CODE = YES;
				CLANG_WARN__DUPLICATE_METHOD_MATCH = YES;
				"CODE_SIGN_IDENTITY[sdk=iphoneos*]" = "iPhone Developer";
				COPY_PHASE_STRIP = NO;
				DEBUG_INFORMATION_FORMAT = "dwarf-with-dsym";
				ENABLE_NS_ASSERTIONS = NO;
				ENABLE_STRICT_OBJC_MSGSEND = YES;
				GCC_C_LANGUAGE_STANDARD = gnu99;
				GCC_NO_COMMON_BLOCKS = YES;
				GCC_WARN_64_TO_32_BIT_CONVERSION = YES;
				GCC_WARN_ABOUT_RETURN_TYPE = YES_ERROR;
				GCC_WARN_UNDECLARED_SELECTOR = YES;
				GCC_WARN_UNINITIALIZED_AUTOS = YES_AGGRESSIVE;
				GCC_WARN_UNUSED_FUNCTION = YES;
				GCC_WARN_UNUSED_VARIABLE = YES;
				IPHONEOS_DEPLOYMENT_TARGET = 9.1;
				MTL_ENABLE_DEBUG_INFO = NO;
				SDKROOT = iphoneos;
				TARGETED_DEVICE_FAMILY = "1,2";
				VALIDATE_PRODUCT = YES;
			};
			name = Release;
		};
		A5AE70031BF3408600EA4D66 /* Debug */ = {
			isa = XCBuildConfiguration;
			buildSettings = {
				ASSETCATALOG_COMPILER_APPICON_NAME = AppIcon;
				CODE_SIGN_IDENTITY = "iPhone Developer";
				"CODE_SIGN_IDENTITY[sdk=iphoneos*]" = "iPhone Developer";
				ENABLE_BITCODE = NO;
				FRAMEWORK_SEARCH_PATHS = (
					"$(inherited)",
					"$(PROJECT_DIR)/cameracalib",
				);
				GCC_PREFIX_HEADER = "cameracalib/cameracalib-Prefix.pch";
				INFOPLIST_FILE = cameracalib/Info.plist;
				IPHONEOS_DEPLOYMENT_TARGET = 9.0;
				LD_RUNPATH_SEARCH_PATHS = "$(inherited) @executable_path/Frameworks";
				ONLY_ACTIVE_ARCH = NO;
				PRODUCT_BUNDLE_IDENTIFIER = Homework.cameracalib;
				PRODUCT_NAME = "$(TARGET_NAME)";
				PROVISIONING_PROFILE = "";
				VALID_ARCHS = "arm64 armv7 armv7s";
			};
			name = Debug;
		};
		A5AE70041BF3408600EA4D66 /* Release */ = {
			isa = XCBuildConfiguration;
			buildSettings = {
				ASSETCATALOG_COMPILER_APPICON_NAME = AppIcon;
				CODE_SIGN_IDENTITY = "iPhone Developer";
				"CODE_SIGN_IDENTITY[sdk=iphoneos*]" = "iPhone Developer";
				ENABLE_BITCODE = NO;
				FRAMEWORK_SEARCH_PATHS = (
					"$(inherited)",
					"$(PROJECT_DIR)/cameracalib",
				);
				GCC_PREFIX_HEADER = "cameracalib/cameracalib-Prefix.pch";
				INFOPLIST_FILE = cameracalib/Info.plist;
				IPHONEOS_DEPLOYMENT_TARGET = 9.0;
				LD_RUNPATH_SEARCH_PATHS = "$(inherited) @executable_path/Frameworks";
				ONLY_ACTIVE_ARCH = NO;
				PRODUCT_BUNDLE_IDENTIFIER = Homework.cameracalib;
				PRODUCT_NAME = "$(TARGET_NAME)";
				PROVISIONING_PROFILE = "";
				VALID_ARCHS = "arm64 armv7 armv7s";
			};
			name = Release;
		};
		A5AE70061BF3408600EA4D66 /* Debug */ = {
			isa = XCBuildConfiguration;
			buildSettings = {
				BUNDLE_LOADER = "$(TEST_HOST)";
				INFOPLIST_FILE = cameracalibTests/Info.plist;
				LD_RUNPATH_SEARCH_PATHS = "$(inherited) @executable_path/Frameworks @loader_path/Frameworks";
				PRODUCT_BUNDLE_IDENTIFIER = Homework.cameracalibTests;
				PRODUCT_NAME = "$(TARGET_NAME)";
				TEST_HOST = "$(BUILT_PRODUCTS_DIR)/cameracalib.app/cameracalib";
			};
			name = Debug;
		};
		A5AE70071BF3408600EA4D66 /* Release */ = {
			isa = XCBuildConfiguration;
			buildSettings = {
				BUNDLE_LOADER = "$(TEST_HOST)";
				INFOPLIST_FILE = cameracalibTests/Info.plist;
				LD_RUNPATH_SEARCH_PATHS = "$(inherited) @executable_path/Frameworks @loader_path/Frameworks";
				PRODUCT_BUNDLE_IDENTIFIER = Homework.cameracalibTests;
				PRODUCT_NAME = "$(TARGET_NAME)";
				TEST_HOST = "$(BUILT_PRODUCTS_DIR)/cameracalib.app/cameracalib";
			};
			name = Release;
		};
		A5AE70091BF3408600EA4D66 /* Debug */ = {
			isa = XCBuildConfiguration;
			buildSettings = {
				INFOPLIST_FILE = cameracalibUITests/Info.plist;
				LD_RUNPATH_SEARCH_PATHS = "$(inherited) @executable_path/Frameworks @loader_path/Frameworks";
				PRODUCT_BUNDLE_IDENTIFIER = Homework.cameracalibUITests;
				PRODUCT_NAME = "$(TARGET_NAME)";
				TEST_TARGET_NAME = cameracalib;
				USES_XCTRUNNER = YES;
			};
			name = Debug;
		};
		A5AE700A1BF3408600EA4D66 /* Release */ = {
			isa = XCBuildConfiguration;
			buildSettings = {
				INFOPLIST_FILE = cameracalibUITests/Info.plist;
				LD_RUNPATH_SEARCH_PATHS = "$(inherited) @executable_path/Frameworks @loader_path/Frameworks";
				PRODUCT_BUNDLE_IDENTIFIER = Homework.cameracalibUITests;
				PRODUCT_NAME = "$(TARGET_NAME)";
				TEST_TARGET_NAME = cameracalib;
				USES_XCTRUNNER = YES;
			};
			name = Release;
		};
/* End XCBuildConfiguration section */

/* Begin XCConfigurationList section */
		A5AE6FD01BF3408600EA4D66 /* Build configuration list for PBXProject "cameracalib" */ = {
			isa = XCConfigurationList;
			buildConfigurations = (
				A5AE70001BF3408600EA4D66 /* Debug */,
				A5AE70011BF3408600EA4D66 /* Release */,
			);
			defaultConfigurationIsVisible = 0;
			defaultConfigurationName = Release;
		};
		A5AE70021BF3408600EA4D66 /* Build configuration list for PBXNativeTarget "cameracalib" */ = {
			isa = XCConfigurationList;
			buildConfigurations = (
				A5AE70031BF3408600EA4D66 /* Debug */,
				A5AE70041BF3408600EA4D66 /* Release */,
			);
			defaultConfigurationIsVisible = 0;
			defaultConfigurationName = Release;
		};
		A5AE70051BF3408600EA4D66 /* Build configuration list for PBXNativeTarget "cameracalibTests" */ = {
			isa = XCConfigurationList;
			buildConfigurations = (
				A5AE70061BF3408600EA4D66 /* Debug */,
				A5AE70071BF3408600EA4D66 /* Release */,
			);
			defaultConfigurationIsVisible = 0;
			defaultConfigurationName = Release;
		};
		A5AE70081BF3408600EA4D66 /* Build configuration list for PBXNativeTarget "cameracalibUITests" */ = {
			isa = XCConfigurationList;
			buildConfigurations = (
				A5AE70091BF3408600EA4D66 /* Debug */,
				A5AE700A1BF3408600EA4D66 /* Release */,
			);
			defaultConfigurationIsVisible = 0;
			defaultConfigurationName = Release;
		};
/* End XCConfigurationList section */

/* Begin XCVersionGroup section */
		A5AE70361BF344F000EA4D66 /* cameracalib.xcdatamodeld */ = {
			isa = XCVersionGroup;
			children = (
				A5AE70371BF344F000EA4D66 /* testsingleview.xcdatamodel */,
			);
			currentVersion = A5AE70371BF344F000EA4D66 /* testsingleview.xcdatamodel */;
			path = cameracalib.xcdatamodeld;
			sourceTree = "<group>";
			versionGroupType = wrapper.xcdatamodel;
		};
/* End XCVersionGroup section */
	};
	rootObject = A5AE6FCD1BF3408600EA4D66 /* Project object */;
}
